
Microsoft Visual Studio Solution File, Format Version 12.00
# Visual Studio Version 17
VisualStudioVersion = 17.10.35004.147
MinimumVisualStudioVersion = 10.0.40219.1
Project("{FAE04EC0-301F-11D3-BF4B-00C04F79EFBC}") = "SalesWebMvc", "SalesWebMvc.csproj", "{D849F1C6-C110-46FF-BD31-C8A5423892B9}"
EndProject
Global
	GlobalSection(SolutionConfigurationPlatforms) = preSolution
		Debug|Any CPU = Debug|Any CPU
		Release|Any CPU = Release|Any CPU
	EndGlobalSection
	GlobalSection(ProjectConfigurationPlatforms) = postSolution
		{D849F1C6-C110-46FF-BD31-C8A5423892B9}.Debug|Any CPU.ActiveCfg = Debug|Any CPU
		{D849F1C6-C110-46FF-BD31-C8A5423892B9}.Debug|Any CPU.Build.0 = Debug|Any CPU
		{D849F1C6-C110-46FF-BD31-C8A5423892B9}.Release|Any CPU.ActiveCfg = Release|Any CPU
		{D849F1C6-C110-46FF-BD31-C8A5423892B9}.Release|Any CPU.Build.0 = Release|Any CPU
	EndGlobalSection
	GlobalSection(SolutionProperties) = preSolution
		HideSolutionNode = FALSE
	EndGlobalSection
	GlobalSection(ExtensibilityGlobals) = postSolution
		SolutionGuid = {E6C3E6B4-26BC-460F-A213-34B2216B4252}
	EndGlobalSection
EndGlobal
